
Microsoft Visual Studio Solution File, Format Version 12.00
# Visual Studio 15
VisualStudioVersion = 15.0.27004.2005
MinimumVisualStudioVersion = 10.0.40219.1
Project("{9A19103F-16F7-4668-BE54-9A1E7A4F7556}") = "TogglButtn", "TogglButtn.csproj", "{EEDE5FB7-9446-4B03-A517-1035C9AB7ED5}"
EndProject
Project("{9A19103F-16F7-4668-BE54-9A1E7A4F7556}") = "TogglButtn.Tests", "..\TogglButtn.Tests\TogglButtn.Tests.csproj", "{8522CB14-24C2-45D9-90DF-2A6F4C7C4207}"
EndProject
Global
	GlobalSection(SolutionConfigurationPlatforms) = preSolution
		Debug|Any CPU = Debug|Any CPU
		Release|Any CPU = Release|Any CPU
	EndGlobalSection
	GlobalSection(ProjectConfigurationPlatforms) = postSolution
		{EEDE5FB7-9446-4B03-A517-1035C9AB7ED5}.Debug|Any CPU.ActiveCfg = Debug|Any CPU
		{EEDE5FB7-9446-4B03-A517-1035C9AB7ED5}.Debug|Any CPU.Build.0 = Debug|Any CPU
		{EEDE5FB7-9446-4B03-A517-1035C9AB7ED5}.Release|Any CPU.ActiveCfg = Release|Any CPU
		{EEDE5FB7-9446-4B03-A517-1035C9AB7ED5}.Release|Any CPU.Build.0 = Release|Any CPU
		{8522CB14-24C2-45D9-90DF-2A6F4C7C4207}.Debug|Any CPU.ActiveCfg = Debug|Any CPU
		{8522CB14-24C2-45D9-90DF-2A6F4C7C4207}.Debug|Any CPU.Build.0 = Debug|Any CPU
		{8522CB14-24C2-45D9-90DF-2A6F4C7C4207}.Release|Any CPU.ActiveCfg = Release|Any CPU
		{8522CB14-24C2-45D9-90DF-2A6F4C7C4207}.Release|Any CPU.Build.0 = Release|Any CPU
	EndGlobalSection
	GlobalSection(SolutionProperties) = preSolution
		HideSolutionNode = FALSE
	EndGlobalSection
	GlobalSection(ExtensibilityGlobals) = postSolution
		SolutionGuid = {67D594E4-18A4-493A-ABD6-8267CD08D343}
	EndGlobalSection
EndGlobal
